
Microsoft Visual Studio Solution File, Format Version 12.00
# Visual Studio Version 17
VisualStudioVersion = 17.8.34309.116
MinimumVisualStudioVersion = 10.0.40219.1
Project("{FAE04EC0-301F-11D3-BF4B-00C04F79EFBC}") = "DesignPatterns_Labb3", "DesignPatterns_Labb3\DesignPatterns_Labb3.csproj", "{7BA8A38A-37A3-4967-BF15-8B7A5B7F523B}"
EndProject
Global
	GlobalSection(SolutionConfigurationPlatforms) = preSolution
		Debug|Any CPU = Debug|Any CPU
		Release|Any CPU = Release|Any CPU
	EndGlobalSection
	GlobalSection(ProjectConfigurationPlatforms) = postSolution
		{7BA8A38A-37A3-4967-BF15-8B7A5B7F523B}.Debug|Any CPU.ActiveCfg = Debug|Any CPU
		{7BA8A38A-37A3-4967-BF15-8B7A5B7F523B}.Debug|Any CPU.Build.0 = Debug|Any CPU
		{7BA8A38A-37A3-4967-BF15-8B7A5B7F523B}.Release|Any CPU.ActiveCfg = Release|Any CPU
		{7BA8A38A-37A3-4967-BF15-8B7A5B7F523B}.Release|Any CPU.Build.0 = Release|Any CPU
	EndGlobalSection
	GlobalSection(SolutionProperties) = preSolution
		HideSolutionNode = FALSE
	EndGlobalSection
	GlobalSection(ExtensibilityGlobals) = postSolution
		SolutionGuid = {AC12F718-5C76-421F-B9E5-5BE6AAAA2465}
	EndGlobalSection
EndGlobal
